// !$*UTF8*$!
{
	archiveVersion = 1;
	classes = {
	};
	objectVersion = 60;
	objects = {

/* Begin PBXBuildFile section */
		L10001 /* MatchActivityAttributes.swift in Sources */ = {isa = PBXBuildFile; fileRef = L20001 /* MatchActivityAttributes.swift */; };
		L10002 /* BadmintonEyeLiveActivityLiveActivity.swift in Sources */ = {isa = PBXBuildFile; fileRef = L20002 /* BadmintonEyeLiveActivityLiveActivity.swift */; };
		L10003 /* BadmintonEyeLiveActivityBundle.swift in Sources */ = {isa = PBXBuildFile; fileRef = L20003 /* BadmintonEyeLiveActivityBundle.swift */; };
		L10004 /* MatchActivityAttributes.swift in Sources */ = {isa = PBXBuildFile; fileRef = L20001 /* MatchActivityAttributes.swift */; };
		L10005 /* BadmintonEyeLiveActivity.appex in Embed App Extensions */ = {isa = PBXBuildFile; fileRef = L20004 /* BadmintonEyeLiveActivity.appex */; settings = {ATTRIBUTES = (RemoveHeadersOnCopy, ); }; };
		A10001 /* BadmintonEyeApp.swift in Sources */ = {isa = PBXBuildFile; fileRef = A20001 /* BadmintonEyeApp.swift */; };
		A10002 /* SwiftDataModels.swift in Sources */ = {isa = PBXBuildFile; fileRef = A20002 /* SwiftDataModels.swift */; };
		A10003 /* CodableMatchState.swift in Sources */ = {isa = PBXBuildFile; fileRef = A20003 /* CodableMatchState.swift */; };
		A10004 /* LiveMatchViewModel.swift in Sources */ = {isa = PBXBuildFile; fileRef = A20004 /* LiveMatchViewModel.swift */; };
		A10005 /* MatchSetupView.swift in Sources */ = {isa = PBXBuildFile; fileRef = A20005 /* MatchSetupView.swift */; };
		A10006 /* LiveMatchView.swift in Sources */ = {isa = PBXBuildFile; fileRef = A20006 /* LiveMatchView.swift */; };
		A10007 /* ScorePanel.swift in Sources */ = {isa = PBXBuildFile; fileRef = A20007 /* ScorePanel.swift */; };
		DS0001 /* DesignSystem.swift in Sources */ = {isa = PBXBuildFile; fileRef = DS0002 /* DesignSystem.swift */; };
		A10008 /* GameEndOverlay.swift in Sources */ = {isa = PBXBuildFile; fileRef = A20008 /* GameEndOverlay.swift */; };
		A10009 /* MatchEndView.swift in Sources */ = {isa = PBXBuildFile; fileRef = A20009 /* MatchEndView.swift */; };
		A1000A /* Assets.xcassets in Resources */ = {isa = PBXBuildFile; fileRef = A2000A /* Assets.xcassets */; };
		A1000B /* ScoringEngine in Frameworks */ = {isa = PBXBuildFile; productRef = A5000B /* ScoringEngine */; };
		A1000C /* SyncPayload.swift in Sources */ = {isa = PBXBuildFile; fileRef = A2000D /* SyncPayload.swift */; };
		A1000D /* WatchConnectivity.framework in Frameworks */ = {isa = PBXBuildFile; fileRef = A2000E /* WatchConnectivity.framework */; };
		A1000E /* WatchSyncManager.swift in Sources */ = {isa = PBXBuildFile; fileRef = A2000F /* WatchSyncManager.swift */; };
		A10010 /* Player.swift in Sources */ = {isa = PBXBuildFile; fileRef = A20010 /* Player.swift */; };
		A10011 /* MatchHistoryView.swift in Sources */ = {isa = PBXBuildFile; fileRef = A20011 /* MatchHistoryView.swift */; };
		A10012 /* MatchDetailView.swift in Sources */ = {isa = PBXBuildFile; fileRef = A20012 /* MatchDetailView.swift */; };
		A10013 /* PlayerListView.swift in Sources */ = {isa = PBXBuildFile; fileRef = A20013 /* PlayerListView.swift */; };
		A10014 /* PlayerProfileView.swift in Sources */ = {isa = PBXBuildFile; fileRef = A20014 /* PlayerProfileView.swift */; };
		A10015 /* HeadToHeadView.swift in Sources */ = {isa = PBXBuildFile; fileRef = A20015 /* HeadToHeadView.swift */; };
		A10016 /* PlayerPickerView.swift in Sources */ = {isa = PBXBuildFile; fileRef = A20016 /* PlayerPickerView.swift */; };
		A10017 /* AuthManager.swift in Sources */ = {isa = PBXBuildFile; fileRef = A20017 /* AuthManager.swift */; };
		A10018 /* MatchExportView.swift in Sources */ = {isa = PBXBuildFile; fileRef = A20019 /* MatchExportView.swift */; };
		A10019 /* ScorecardRenderer.swift in Sources */ = {isa = PBXBuildFile; fileRef = A2001A /* ScorecardRenderer.swift */; };
		A1001B /* SettingsView.swift in Sources */ = {isa = PBXBuildFile; fileRef = A2001B /* SettingsView.swift */; };
		A1001C /* SubscriptionManager.swift in Sources */ = {isa = PBXBuildFile; fileRef = A2001C /* SubscriptionManager.swift */; };
		P10001 /* PaywallView.swift in Sources */ = {isa = PBXBuildFile; fileRef = P20001 /* PaywallView.swift */; };
		A1001D /* Configuration.storekit in Resources */ = {isa = PBXBuildFile; fileRef = A2001D /* Configuration.storekit */; };
		A1001E /* StoreKit.framework in Frameworks */ = {isa = PBXBuildFile; fileRef = A2001E /* StoreKit.framework */; };
		A1001F /* AuthenticationServices.framework in Frameworks */ = {isa = PBXBuildFile; fileRef = A2001F /* AuthenticationServices.framework */; };
		W10001 /* BadmintonEyeWatchApp.swift in Sources */ = {isa = PBXBuildFile; fileRef = W20001 /* BadmintonEyeWatchApp.swift */; };
		W10002 /* WatchMatchViewModel.swift in Sources */ = {isa = PBXBuildFile; fileRef = W20002 /* WatchMatchViewModel.swift */; };
		W10003 /* WatchSessionManager.swift in Sources */ = {isa = PBXBuildFile; fileRef = W20003 /* WatchSessionManager.swift */; };
		W10004 /* WatchScoringView.swift in Sources */ = {isa = PBXBuildFile; fileRef = W20004 /* WatchScoringView.swift */; };
		W10005 /* WatchScoreDisplay.swift in Sources */ = {isa = PBXBuildFile; fileRef = W20005 /* WatchScoreDisplay.swift */; };
		W10006 /* WatchWaitingView.swift in Sources */ = {isa = PBXBuildFile; fileRef = W20006 /* WatchWaitingView.swift */; };
		W10007 /* Assets.xcassets in Resources */ = {isa = PBXBuildFile; fileRef = W20007 /* Assets.xcassets */; };
		W10008 /* ScoringEngine in Frameworks */ = {isa = PBXBuildFile; productRef = W50001 /* ScoringEngine */; };
		W10009 /* CodableMatchState.swift in Sources */ = {isa = PBXBuildFile; fileRef = A20003 /* CodableMatchState.swift */; };
		W1000A /* SyncPayload.swift in Sources */ = {isa = PBXBuildFile; fileRef = A2000D /* SyncPayload.swift */; };
		W1000B /* WatchConnectivity.framework in Frameworks */ = {isa = PBXBuildFile; fileRef = A2000E /* WatchConnectivity.framework */; };
		W1000C /* HealthKit.framework in Frameworks */ = {isa = PBXBuildFile; fileRef = W2000F /* HealthKit.framework */; };
		W1000D /* WorkoutManager.swift in Sources */ = {isa = PBXBuildFile; fileRef = W20009 /* WorkoutManager.swift */; };
		H10001 /* CalibrationProfile.swift in Sources */ = {isa = PBXBuildFile; fileRef = H20001 /* CalibrationProfile.swift */; };
		H10002 /* VideoCaptureManager.swift in Sources */ = {isa = PBXBuildFile; fileRef = H20002 /* VideoCaptureManager.swift */; };
		H10003 /* CourtCalibrationView.swift in Sources */ = {isa = PBXBuildFile; fileRef = H20003 /* CourtCalibrationView.swift */; };
		H10004 /* ChallengeVideoView.swift in Sources */ = {isa = PBXBuildFile; fileRef = H20004 /* ChallengeVideoView.swift */; };
		H10005 /* AVFoundation.framework in Frameworks */ = {isa = PBXBuildFile; fileRef = H20005 /* AVFoundation.framework */; };
		H10006 /* HawkEyePipeline.swift in Sources */ = {isa = PBXBuildFile; fileRef = H20006 /* HawkEyePipeline.swift */; };
		H10007 /* TrajectoryCalculator.swift in Sources */ = {isa = PBXBuildFile; fileRef = H20007 /* TrajectoryCalculator.swift */; };
		H10008 /* TrajectoryReplayView.swift in Sources */ = {isa = PBXBuildFile; fileRef = H20008 /* TrajectoryReplayView.swift */; };
		S10001 /* MatchStatsViewModel.swift in Sources */ = {isa = PBXBuildFile; fileRef = S20001 /* MatchStatsViewModel.swift */; };
		S10002 /* StatsView.swift in Sources */ = {isa = PBXBuildFile; fileRef = S20002 /* StatsView.swift */; };
		T70001 /* ShuttleDetecting.swift in Sources */ = {isa = PBXBuildFile; fileRef = T72001 /* ShuttleDetecting.swift */; };
		T70002 /* PlaceholderShuttleDetector.swift in Sources */ = {isa = PBXBuildFile; fileRef = T72002 /* PlaceholderShuttleDetector.swift */; };
		V61001 /* WinRateTrendChart.swift in Sources */ = {isa = PBXBuildFile; fileRef = V62001 /* WinRateTrendChart.swift */; };
		V61002 /* ScoringPatternsChart.swift in Sources */ = {isa = PBXBuildFile; fileRef = V62002 /* ScoringPatternsChart.swift */; };
		V81001 /* CircularFrameBuffer.swift in Sources */ = {isa = PBXBuildFile; fileRef = V82001 /* CircularFrameBuffer.swift */; };
		V91001 /* CoreMLShuttleDetector.swift in Sources */ = {isa = PBXBuildFile; fileRef = V92001 /* CoreMLShuttleDetector.swift */; };
		HP1001 /* HapticFeedbackService.swift in Sources */ = {isa = PBXBuildFile; fileRef = HP2001 /* HapticFeedbackService.swift */; };
		MC1001 /* ResultFusionService.swift in Sources */ = {isa = PBXBuildFile; fileRef = MC2001 /* ResultFusionService.swift */; };
		MC1002 /* MultiAngleAnalysisView.swift in Sources */ = {isa = PBXBuildFile; fileRef = MC2002 /* MultiAngleAnalysisView.swift */; };
		CF1001 /* ScoringFormatBuilderView.swift in Sources */ = {isa = PBXBuildFile; fileRef = CF2001 /* ScoringFormatBuilderView.swift */; };
		AS1001 /* AudioTemporalSync.swift in Sources */ = {isa = PBXBuildFile; fileRef = AS2001 /* AudioTemporalSync.swift */; };
		DC1001 /* MultiCamCaptureManager.swift in Sources */ = {isa = PBXBuildFile; fileRef = DC2001 /* MultiCamCaptureManager.swift */; };
		GR1001 /* GameRecordingService.swift in Sources */ = {isa = PBXBuildFile; fileRef = GR2001 /* GameRecordingService.swift */; };
		RS1001 /* RallySuggestionFlow.swift in Sources */ = {isa = PBXBuildFile; fileRef = RS2001 /* RallySuggestionFlow.swift */; };
		TN1001 /* TrackNetV3.mlpackage in Resources */ = {isa = PBXBuildFile; fileRef = TN2001 /* TrackNetV3.mlpackage */; };
		TD1001 /* TrackNetShuttleDetector.swift in Sources */ = {isa = PBXBuildFile; fileRef = TD2001 /* TrackNetShuttleDetector.swift */; };
		TR1001 /* TrajectoryRallySuggestor.swift in Sources */ = {isa = PBXBuildFile; fileRef = TR2001 /* TrajectoryRallySuggestor.swift */; };
		LC1001 /* LiveCameraPreview.swift in Sources */ = {isa = PBXBuildFile; fileRef = LC2001 /* LiveCameraPreview.swift */; };
		LM1001 /* LocalizationManager.swift in Sources */ = {isa = PBXBuildFile; fileRef = LM2001 /* LocalizationManager.swift */; };
		PR1001 /* PrivacyInfo.xcprivacy in Resources */ = {isa = PBXBuildFile; fileRef = PR2001 /* PrivacyInfo.xcprivacy */; };
		IL1001 /* Localizable.strings in Resources */ = {isa = PBXBuildFile; fileRef = IL4001 /* Localizable.strings */; };
		UT10001 /* BadmintonEyeTests.swift in Sources */ = {isa = PBXBuildFile; fileRef = UT20001 /* BadmintonEyeTests.swift */; };
		UT10002 /* LiveMatchPerformanceTests.swift in Sources */ = {isa = PBXBuildFile; fileRef = UT20003 /* LiveMatchPerformanceTests.swift */; };
		UT10005 /* WatchSyncManagerTests.swift in Sources */ = {isa = PBXBuildFile; fileRef = UT20004 /* WatchSyncManagerTests.swift */; };
		UT10006 /* WatchMatchViewModelTests.swift in Sources */ = {isa = PBXBuildFile; fileRef = UT20005 /* WatchMatchViewModelTests.swift */; };
		UT10007 /* WatchMatchViewModel.swift in Sources (Tests) */ = {isa = PBXBuildFile; fileRef = W20002 /* WatchMatchViewModel.swift */; };
		WP1001 /* WCSessionProtocol.swift in Sources (iOS) */ = {isa = PBXBuildFile; fileRef = WP2001 /* WCSessionProtocol.swift */; };
		WP1002 /* WCSessionProtocol.swift in Sources (watchOS) */ = {isa = PBXBuildFile; fileRef = WP2001 /* WCSessionProtocol.swift */; };
/* End PBXBuildFile section */

/* Begin PBXContainerItemProxy section */
		L30001 /* PBXContainerItemProxy */ = {
			isa = PBXContainerItemProxy;
			containerPortal = AB0001 /* Project object */;
			proxyType = 1;
			remoteGlobalIDString = L60001;
			remoteInfo = BadmintonEyeLiveActivity;
		};
		UTC0001 /* PBXContainerItemProxy */ = {
			isa = PBXContainerItemProxy;
			containerPortal = AB0001 /* Project object */;
			proxyType = 1;
			remoteGlobalIDString = A60001;
			remoteInfo = BadmintonEye;
		};
/* End PBXContainerItemProxy section */

/* Begin PBXCopyFilesBuildPhase section */
		L31001 /* Embed App Extensions */ = {
			isa = PBXCopyFilesBuildPhase;
			buildActionMask = 2147483647;
			dstPath = "";
			dstSubfolderSpec = 13;
			files = (
			);
			name = "Embed App Extensions";
			runOnlyForDeploymentPostprocessing = 0;
		};
/* End PBXCopyFilesBuildPhase section */

/* Begin PBXFileReference section */
		L20001 /* MatchActivityAttributes.swift */ = {isa = PBXFileReference; lastKnownFileType = sourcecode.swift; path = MatchActivityAttributes.swift; sourceTree = "<group>"; };
		L20002 /* BadmintonEyeLiveActivityLiveActivity.swift */ = {isa = PBXFileReference; lastKnownFileType = sourcecode.swift; path = BadmintonEyeLiveActivityLiveActivity.swift; sourceTree = "<group>"; };
		L20003 /* BadmintonEyeLiveActivityBundle.swift */ = {isa = PBXFileReference; lastKnownFileType = sourcecode.swift; path = BadmintonEyeLiveActivityBundle.swift; sourceTree = "<group>"; };
		L20004 /* BadmintonEyeLiveActivity.appex */ = {isa = PBXFileReference; explicitFileType = "wrapper.app-extension"; includeInIndex = 0; path = BadmintonEyeLiveActivity.appex; sourceTree = BUILT_PRODUCTS_DIR; };
		A20001 /* BadmintonEyeApp.swift */ = {isa = PBXFileReference; lastKnownFileType = sourcecode.swift; path = BadmintonEyeApp.swift; sourceTree = "<group>"; };
		A20002 /* SwiftDataModels.swift */ = {isa = PBXFileReference; lastKnownFileType = sourcecode.swift; path = SwiftDataModels.swift; sourceTree = "<group>"; };
		A20003 /* CodableMatchState.swift */ = {isa = PBXFileReference; lastKnownFileType = sourcecode.swift; path = CodableMatchState.swift; sourceTree = "<group>"; };
		A20004 /* LiveMatchViewModel.swift */ = {isa = PBXFileReference; lastKnownFileType = sourcecode.swift; path = LiveMatchViewModel.swift; sourceTree = "<group>"; };
		A20005 /* MatchSetupView.swift */ = {isa = PBXFileReference; lastKnownFileType = sourcecode.swift; path = MatchSetupView.swift; sourceTree = "<group>"; };
		A20006 /* LiveMatchView.swift */ = {isa = PBXFileReference; lastKnownFileType = sourcecode.swift; path = LiveMatchView.swift; sourceTree = "<group>"; };
		A20007 /* ScorePanel.swift */ = {isa = PBXFileReference; lastKnownFileType = sourcecode.swift; path = ScorePanel.swift; sourceTree = "<group>"; };
		DS0002 /* DesignSystem.swift */ = {isa = PBXFileReference; lastKnownFileType = sourcecode.swift; path = DesignSystem.swift; sourceTree = "<group>"; };
		A20008 /* GameEndOverlay.swift */ = {isa = PBXFileReference; lastKnownFileType = sourcecode.swift; path = GameEndOverlay.swift; sourceTree = "<group>"; };
		A20009 /* MatchEndView.swift */ = {isa = PBXFileReference; lastKnownFileType = sourcecode.swift; path = MatchEndView.swift; sourceTree = "<group>"; };
		A2000A /* Assets.xcassets */ = {isa = PBXFileReference; lastKnownFileType = folder.assetcatalog; path = Assets.xcassets; sourceTree = "<group>"; };
		A2000C /* BadmintonEye.app */ = {isa = PBXFileReference; explicitFileType = wrapper.application; includeInIndex = 0; path = BadmintonEye.app; sourceTree = BUILT_PRODUCTS_DIR; };
		A2000D /* SyncPayload.swift */ = {isa = PBXFileReference; lastKnownFileType = sourcecode.swift; path = SyncPayload.swift; sourceTree = "<group>"; };
		A2000E /* WatchConnectivity.framework */ = {isa = PBXFileReference; lastKnownFileType = wrapper.framework; name = WatchConnectivity.framework; path = System/Library/Frameworks/WatchConnectivity.framework; sourceTree = SDKROOT; };
		A2000F /* WatchSyncManager.swift */ = {isa = PBXFileReference; lastKnownFileType = sourcecode.swift; path = WatchSyncManager.swift; sourceTree = "<group>"; };
		A20010 /* Player.swift */ = {isa = PBXFileReference; lastKnownFileType = sourcecode.swift; path = Player.swift; sourceTree = "<group>"; };
		A20011 /* MatchHistoryView.swift */ = {isa = PBXFileReference; lastKnownFileType = sourcecode.swift; path = MatchHistoryView.swift; sourceTree = "<group>"; };
		A20012 /* MatchDetailView.swift */ = {isa = PBXFileReference; lastKnownFileType = sourcecode.swift; path = MatchDetailView.swift; sourceTree = "<group>"; };
		A20013 /* PlayerListView.swift */ = {isa = PBXFileReference; lastKnownFileType = sourcecode.swift; path = PlayerListView.swift; sourceTree = "<group>"; };
		A20014 /* PlayerProfileView.swift */ = {isa = PBXFileReference; lastKnownFileType = sourcecode.swift; path = PlayerProfileView.swift; sourceTree = "<group>"; };
		A20015 /* HeadToHeadView.swift */ = {isa = PBXFileReference; lastKnownFileType = sourcecode.swift; path = HeadToHeadView.swift; sourceTree = "<group>"; };
		A20016 /* PlayerPickerView.swift */ = {isa = PBXFileReference; lastKnownFileType = sourcecode.swift; path = PlayerPickerView.swift; sourceTree = "<group>"; };
		A20017 /* AuthManager.swift */ = {isa = PBXFileReference; lastKnownFileType = sourcecode.swift; path = AuthManager.swift; sourceTree = "<group>"; };
		A20018 /* BadmintonEye.entitlements */ = {isa = PBXFileReference; lastKnownFileType = text.plist.entitlements; path = BadmintonEye.entitlements; sourceTree = "<group>"; };
		A20019 /* MatchExportView.swift */ = {isa = PBXFileReference; lastKnownFileType = sourcecode.swift; path = MatchExportView.swift; sourceTree = "<group>"; };
		A2001A /* ScorecardRenderer.swift */ = {isa = PBXFileReference; lastKnownFileType = sourcecode.swift; path = ScorecardRenderer.swift; sourceTree = "<group>"; };
		A2001B /* SettingsView.swift */ = {isa = PBXFileReference; lastKnownFileType = sourcecode.swift; path = SettingsView.swift; sourceTree = "<group>"; };
		A2001C /* SubscriptionManager.swift */ = {isa = PBXFileReference; lastKnownFileType = sourcecode.swift; path = SubscriptionManager.swift; sourceTree = "<group>"; };
		P20001 /* PaywallView.swift */ = {isa = PBXFileReference; lastKnownFileType = sourcecode.swift; path = PaywallView.swift; sourceTree = "<group>"; };
		A2001D /* Configuration.storekit */ = {isa = PBXFileReference; lastKnownFileType = text; path = Configuration.storekit; sourceTree = "<group>"; };
		A2001E /* StoreKit.framework */ = {isa = PBXFileReference; lastKnownFileType = wrapper.framework; name = StoreKit.framework; path = System/Library/Frameworks/StoreKit.framework; sourceTree = SDKROOT; };
		A2001F /* AuthenticationServices.framework */ = {isa = PBXFileReference; lastKnownFileType = wrapper.framework; name = AuthenticationServices.framework; path = System/Library/Frameworks/AuthenticationServices.framework; sourceTree = SDKROOT; };
		W20001 /* BadmintonEyeWatchApp.swift */ = {isa = PBXFileReference; lastKnownFileType = sourcecode.swift; path = BadmintonEyeWatchApp.swift; sourceTree = "<group>"; };
		W20002 /* WatchMatchViewModel.swift */ = {isa = PBXFileReference; lastKnownFileType = sourcecode.swift; path = WatchMatchViewModel.swift; sourceTree = "<group>"; };
		W20003 /* WatchSessionManager.swift */ = {isa = PBXFileReference; lastKnownFileType = sourcecode.swift; path = WatchSessionManager.swift; sourceTree = "<group>"; };
		W20004 /* WatchScoringView.swift */ = {isa = PBXFileReference; lastKnownFileType = sourcecode.swift; path = WatchScoringView.swift; sourceTree = "<group>"; };
		W20005 /* WatchScoreDisplay.swift */ = {isa = PBXFileReference; lastKnownFileType = sourcecode.swift; path = WatchScoreDisplay.swift; sourceTree = "<group>"; };
		W20006 /* WatchWaitingView.swift */ = {isa = PBXFileReference; lastKnownFileType = sourcecode.swift; path = WatchWaitingView.swift; sourceTree = "<group>"; };
		W20007 /* Assets.xcassets */ = {isa = PBXFileReference; lastKnownFileType = folder.assetcatalog; path = Assets.xcassets; sourceTree = "<group>"; };
		W20008 /* BadmintonEyeWatch.app */ = {isa = PBXFileReference; explicitFileType = wrapper.application; includeInIndex = 0; path = BadmintonEyeWatch.app; sourceTree = BUILT_PRODUCTS_DIR; };
		W2000F /* HealthKit.framework */ = {isa = PBXFileReference; lastKnownFileType = wrapper.framework; name = HealthKit.framework; path = System/Library/Frameworks/HealthKit.framework; sourceTree = SDKROOT; };
		W20009 /* WorkoutManager.swift */ = {isa = PBXFileReference; lastKnownFileType = sourcecode.swift; path = WorkoutManager.swift; sourceTree = "<group>"; };
		H20001 /* CalibrationProfile.swift */ = {isa = PBXFileReference; lastKnownFileType = sourcecode.swift; path = CalibrationProfile.swift; sourceTree = "<group>"; };
		H20002 /* VideoCaptureManager.swift */ = {isa = PBXFileReference; lastKnownFileType = sourcecode.swift; path = VideoCaptureManager.swift; sourceTree = "<group>"; };
		H20003 /* CourtCalibrationView.swift */ = {isa = PBXFileReference; lastKnownFileType = sourcecode.swift; path = CourtCalibrationView.swift; sourceTree = "<group>"; };
		H20004 /* ChallengeVideoView.swift */ = {isa = PBXFileReference; lastKnownFileType = sourcecode.swift; path = ChallengeVideoView.swift; sourceTree = "<group>"; };
		H20005 /* AVFoundation.framework */ = {isa = PBXFileReference; lastKnownFileType = wrapper.framework; name = AVFoundation.framework; path = System/Library/Frameworks/AVFoundation.framework; sourceTree = SDKROOT; };
		H20006 /* HawkEyePipeline.swift */ = {isa = PBXFileReference; lastKnownFileType = sourcecode.swift; path = HawkEyePipeline.swift; sourceTree = "<group>"; };
		H20007 /* TrajectoryCalculator.swift */ = {isa = PBXFileReference; lastKnownFileType = sourcecode.swift; path = TrajectoryCalculator.swift; sourceTree = "<group>"; };
		H20008 /* TrajectoryReplayView.swift */ = {isa = PBXFileReference; lastKnownFileType = sourcecode.swift; path = TrajectoryReplayView.swift; sourceTree = "<group>"; };
		S20001 /* MatchStatsViewModel.swift */ = {isa = PBXFileReference; lastKnownFileType = sourcecode.swift; path = MatchStatsViewModel.swift; sourceTree = "<group>"; };
		S20002 /* StatsView.swift */ = {isa = PBXFileReference; lastKnownFileType = sourcecode.swift; path = StatsView.swift; sourceTree = "<group>"; };
		T72001 /* ShuttleDetecting.swift */ = {isa = PBXFileReference; lastKnownFileType = sourcecode.swift; path = ShuttleDetecting.swift; sourceTree = "<group>"; };
		T72002 /* PlaceholderShuttleDetector.swift */ = {isa = PBXFileReference; lastKnownFileType = sourcecode.swift; path = PlaceholderShuttleDetector.swift; sourceTree = "<group>"; };
		V62001 /* WinRateTrendChart.swift */ = {isa = PBXFileReference; lastKnownFileType = sourcecode.swift; path = WinRateTrendChart.swift; sourceTree = "<group>"; };
		V62002 /* ScoringPatternsChart.swift */ = {isa = PBXFileReference; lastKnownFileType = sourcecode.swift; path = ScoringPatternsChart.swift; sourceTree = "<group>"; };
		V82001 /* CircularFrameBuffer.swift */ = {isa = PBXFileReference; lastKnownFileType = sourcecode.swift; path = CircularFrameBuffer.swift; sourceTree = "<group>"; };
		V92001 /* CoreMLShuttleDetector.swift */ = {isa = PBXFileReference; lastKnownFileType = sourcecode.swift; path = CoreMLShuttleDetector.swift; sourceTree = "<group>"; };
		HP2001 /* HapticFeedbackService.swift */ = {isa = PBXFileReference; lastKnownFileType = sourcecode.swift; path = HapticFeedbackService.swift; sourceTree = "<group>"; };
		MC2001 /* ResultFusionService.swift */ = {isa = PBXFileReference; lastKnownFileType = sourcecode.swift; path = ResultFusionService.swift; sourceTree = "<group>"; };
		MC2002 /* MultiAngleAnalysisView.swift */ = {isa = PBXFileReference; lastKnownFileType = sourcecode.swift; path = MultiAngleAnalysisView.swift; sourceTree = "<group>"; };
		CF2001 /* ScoringFormatBuilderView.swift */ = {isa = PBXFileReference; lastKnownFileType = sourcecode.swift; path = ScoringFormatBuilderView.swift; sourceTree = "<group>"; };
		AS2001 /* AudioTemporalSync.swift */ = {isa = PBXFileReference; lastKnownFileType = sourcecode.swift; path = AudioTemporalSync.swift; sourceTree = "<group>"; };
		DC2001 /* MultiCamCaptureManager.swift */ = {isa = PBXFileReference; lastKnownFileType = sourcecode.swift; path = MultiCamCaptureManager.swift; sourceTree = "<group>"; };
		GR2001 /* GameRecordingService.swift */ = {isa = PBXFileReference; lastKnownFileType = sourcecode.swift; path = GameRecordingService.swift; sourceTree = "<group>"; };
		RS2001 /* RallySuggestionFlow.swift */ = {isa = PBXFileReference; lastKnownFileType = sourcecode.swift; path = RallySuggestionFlow.swift; sourceTree = "<group>"; };
		TN2001 /* TrackNetV3.mlpackage */ = {isa = PBXFileReference; lastKnownFileType = folder.mlpackage; path = Resources/TrackNetV3.mlpackage; sourceTree = "<group>"; };
		TD2001 /* TrackNetShuttleDetector.swift */ = {isa = PBXFileReference; lastKnownFileType = sourcecode.swift; path = TrackNetShuttleDetector.swift; sourceTree = "<group>"; };
		TR2001 /* TrajectoryRallySuggestor.swift */ = {isa = PBXFileReference; lastKnownFileType = sourcecode.swift; path = TrajectoryRallySuggestor.swift; sourceTree = "<group>"; };
		LC2001 /* LiveCameraPreview.swift */ = {isa = PBXFileReference; lastKnownFileType = sourcecode.swift; path = LiveCameraPreview.swift; sourceTree = "<group>"; };
		LM2001 /* LocalizationManager.swift */ = {isa = PBXFileReference; lastKnownFileType = sourcecode.swift; path = LocalizationManager.swift; sourceTree = "<group>"; };
		PR2001 /* PrivacyInfo.xcprivacy */ = {isa = PBXFileReference; lastKnownFileType = text.xml; path = PrivacyInfo.xcprivacy; sourceTree = "<group>"; };
		IL2001 /* en */ = {isa = PBXFileReference; lastKnownFileType = text.plist.strings; name = en; path = en.lproj/Localizable.strings; sourceTree = "<group>"; };
		IL2002 /* zh-Hans */ = {isa = PBXFileReference; lastKnownFileType = text.plist.strings; name = "zh-Hans"; path = "zh-Hans.lproj/Localizable.strings"; sourceTree = "<group>"; };
		IL2003 /* ja */ = {isa = PBXFileReference; lastKnownFileType = text.plist.strings; name = ja; path = ja.lproj/Localizable.strings; sourceTree = "<group>"; };
		IL2004 /* da */ = {isa = PBXFileReference; lastKnownFileType = text.plist.strings; name = da; path = da.lproj/Localizable.strings; sourceTree = "<group>"; };
		IL2005 /* ms */ = {isa = PBXFileReference; lastKnownFileType = text.plist.strings; name = ms; path = ms.lproj/Localizable.strings; sourceTree = "<group>"; };
		IL2006 /* ko */ = {isa = PBXFileReference; lastKnownFileType = text.plist.strings; name = ko; path = ko.lproj/Localizable.strings; sourceTree = "<group>"; };
		IL2007 /* id */ = {isa = PBXFileReference; lastKnownFileType = text.plist.strings; name = id; path = id.lproj/Localizable.strings; sourceTree = "<group>"; };
		IL2008 /* th */ = {isa = PBXFileReference; lastKnownFileType = text.plist.strings; name = th; path = th.lproj/Localizable.strings; sourceTree = "<group>"; };
		IL2009 /* hi */ = {isa = PBXFileReference; lastKnownFileType = text.plist.strings; name = hi; path = hi.lproj/Localizable.strings; sourceTree = "<group>"; };
		UT20001 /* BadmintonEyeTests.swift */ = {isa = PBXFileReference; lastKnownFileType = sourcecode.swift; path = BadmintonEyeTests.swift; sourceTree = "<group>"; };
		UT20002 /* BadmintonEyeTests.xctest */ = {isa = PBXFileReference; explicitFileType = wrapper.cfbundle; includeInIndex = 0; path = BadmintonEyeTests.xctest; sourceTree = BUILT_PRODUCTS_DIR; };
		UT20003 /* LiveMatchPerformanceTests.swift */ = {isa = PBXFileReference; lastKnownFileType = sourcecode.swift; path = LiveMatchPerformanceTests.swift; sourceTree = "<group>"; };
		UT20004 /* WatchSyncManagerTests.swift */ = {isa = PBXFileReference; lastKnownFileType = sourcecode.swift; path = WatchSyncManagerTests.swift; sourceTree = "<group>"; };
		UT20005 /* WatchMatchViewModelTests.swift */ = {isa = PBXFileReference; lastKnownFileType = sourcecode.swift; path = WatchMatchViewModelTests.swift; sourceTree = "<group>"; };
		WP2001 /* WCSessionProtocol.swift */ = {isa = PBXFileReference; lastKnownFileType = sourcecode.swift; path = WCSessionProtocol.swift; sourceTree = "<group>"; };
/* End PBXFileReference section */

/* Begin PBXFrameworksBuildPhase section */
		A30001 /* Frameworks */ = {
			isa = PBXFrameworksBuildPhase;
			buildActionMask = 2147483647;
			files = (
				A1000B /* ScoringEngine in Frameworks */,
				A1000D /* WatchConnectivity.framework in Frameworks */,
				A1001E /* StoreKit.framework in Frameworks */,
				A1001F /* AuthenticationServices.framework in Frameworks */,
				H10005 /* AVFoundation.framework in Frameworks */,
			);
			runOnlyForDeploymentPostprocessing = 0;
		};
		W30001 /* Frameworks */ = {
			isa = PBXFrameworksBuildPhase;
			buildActionMask = 2147483647;
			files = (
				W10008 /* ScoringEngine in Frameworks */,
				W1000B /* WatchConnectivity.framework in Frameworks */,
				W1000C /* HealthKit.framework in Frameworks */,
			);
			runOnlyForDeploymentPostprocessing = 0;
		};
		L30002 /* Frameworks */ = {
			isa = PBXFrameworksBuildPhase;
			buildActionMask = 2147483647;
			files = (
			);
			runOnlyForDeploymentPostprocessing = 0;
		};
		UT30001 /* Frameworks */ = {
			isa = PBXFrameworksBuildPhase;
			buildActionMask = 2147483647;
			files = (
			);
			runOnlyForDeploymentPostprocessing = 0;
		};
/* End PBXFrameworksBuildPhase section */

/* Begin PBXGroup section */
		A40000 = {
			isa = PBXGroup;
			children = (
				A40001 /* BadmintonEye */,
				L40001 /* BadmintonEyeLiveActivity */,
				W40001 /* BadmintonEyeWatch */,
				UT40001 /* BadmintonEyeTests */,
				A40099 /* Products */,
				W40099 /* Frameworks */,
			);
			sourceTree = "<group>";
		};
		A40001 /* BadmintonEye */ = {
			isa = PBXGroup;
			children = (
				A40002 /* App */,
				A40003 /* Models */,
				A40004 /* ViewModels */,
				A40005 /* Views */,
				A40006 /* Services */,
				A2000A /* Assets.xcassets */,
				A20018 /* BadmintonEye.entitlements */,
				A2001D /* Configuration.storekit */,
				PR2001 /* PrivacyInfo.xcprivacy */,
				IL4001 /* Localizable.strings */,
				TN2001 /* TrackNetV3.mlpackage */,
			);
			path = BadmintonEye;
			sourceTree = "<group>";
		};
		A40002 /* App */ = {
			isa = PBXGroup;
			children = (
				A20001 /* BadmintonEyeApp.swift */,
			);
			path = App;
			sourceTree = "<group>";
		};
		A40003 /* Models */ = {
			isa = PBXGroup;
			children = (
				A20002 /* SwiftDataModels.swift */,
				A20003 /* CodableMatchState.swift */,
				A2000D /* SyncPayload.swift */,
				A20010 /* Player.swift */,
				H20001 /* CalibrationProfile.swift */,
			);
			path = Models;
			sourceTree = "<group>";
		};
		A40004 /* ViewModels */ = {
			isa = PBXGroup;
			children = (
				A20004 /* LiveMatchViewModel.swift */,
				S20001 /* MatchStatsViewModel.swift */,
			);
			path = ViewModels;
			sourceTree = "<group>";
		};
		A40005 /* Views */ = {
			isa = PBXGroup;
			children = (
				DS0002 /* DesignSystem.swift */,
				A20005 /* MatchSetupView.swift */,
				A20006 /* LiveMatchView.swift */,
				LC2001 /* LiveCameraPreview.swift */,
				A20007 /* ScorePanel.swift */,
				A20008 /* GameEndOverlay.swift */,
				A20009 /* MatchEndView.swift */,
				A20011 /* MatchHistoryView.swift */,
				A20012 /* MatchDetailView.swift */,
				A20013 /* PlayerListView.swift */,
				A20014 /* PlayerProfileView.swift */,
				A20015 /* HeadToHeadView.swift */,
				A20016 /* PlayerPickerView.swift */,
				A20019 /* MatchExportView.swift */,
				A2001A /* ScorecardRenderer.swift */,
				A2001B /* SettingsView.swift */,
				P20001 /* PaywallView.swift */,
				H20003 /* CourtCalibrationView.swift */,
				H20004 /* ChallengeVideoView.swift */,
				H20008 /* TrajectoryReplayView.swift */,
				S20002 /* StatsView.swift */,
				V62001 /* WinRateTrendChart.swift */,
				V62002 /* ScoringPatternsChart.swift */,
				MC2002 /* MultiAngleAnalysisView.swift */,
				CF2001 /* ScoringFormatBuilderView.swift */,
			);
			path = Views;
			sourceTree = "<group>";
		};
		A40006 /* Services */ = {
			isa = PBXGroup;
			children = (
				WP2001 /* WCSessionProtocol.swift */,
				A2000F /* WatchSyncManager.swift */,
				A20017 /* AuthManager.swift */,
				A2001C /* SubscriptionManager.swift */,
				H20002 /* VideoCaptureManager.swift */,
				H20006 /* HawkEyePipeline.swift */,
				H20007 /* TrajectoryCalculator.swift */,
				T72001 /* ShuttleDetecting.swift */,
				T72002 /* PlaceholderShuttleDetector.swift */,
				V82001 /* CircularFrameBuffer.swift */,
				V92001 /* CoreMLShuttleDetector.swift */,
				HP2001 /* HapticFeedbackService.swift */,
				MC2001 /* ResultFusionService.swift */,
				AS2001 /* AudioTemporalSync.swift */,
				DC2001 /* MultiCamCaptureManager.swift */,
				GR2001 /* GameRecordingService.swift */,
				RS2001 /* RallySuggestionFlow.swift */,
				TD2001 /* TrackNetShuttleDetector.swift */,
				TR2001 /* TrajectoryRallySuggestor.swift */,
				LM2001 /* LocalizationManager.swift */,
			);
			path = Services;
			sourceTree = "<group>";
		};
		L40001 /* BadmintonEyeLiveActivity */ = {
			isa = PBXGroup;
			children = (
				L20001 /* MatchActivityAttributes.swift */,
				L20002 /* BadmintonEyeLiveActivityLiveActivity.swift */,
				L20003 /* BadmintonEyeLiveActivityBundle.swift */,
			);
			path = BadmintonEyeLiveActivity;
			sourceTree = "<group>";
		};
		A40099 /* Products */ = {
			isa = PBXGroup;
			children = (
				A2000C /* BadmintonEye.app */,
				L20004 /* BadmintonEyeLiveActivity.appex */,
				W20008 /* BadmintonEyeWatch.app */,
				UT20002 /* BadmintonEyeTests.xctest */,
			);
			name = Products;
			sourceTree = "<group>";
		};
		UT40001 /* BadmintonEyeTests */ = {
			isa = PBXGroup;
			children = (
				UT20001 /* BadmintonEyeTests.swift */,
				UT20003 /* LiveMatchPerformanceTests.swift */,
				UT20004 /* WatchSyncManagerTests.swift */,
				UT20005 /* WatchMatchViewModelTests.swift */,
			);
			path = BadmintonEyeTests;
			sourceTree = "<group>";
		};
		W40001 /* BadmintonEyeWatch */ = {
			isa = PBXGroup;
			children = (
				W40002 /* App */,
				W40003 /* ViewModels */,
				W40004 /* Services */,
				W40005 /* Views */,
				W20007 /* Assets.xcassets */,
			);
			path = BadmintonEyeWatch;
			sourceTree = "<group>";
		};
		W40002 /* App */ = {
			isa = PBXGroup;
			children = (
				W20001 /* BadmintonEyeWatchApp.swift */,
			);
			path = App;
			sourceTree = "<group>";
		};
		W40003 /* ViewModels */ = {
			isa = PBXGroup;
			children = (
				W20002 /* WatchMatchViewModel.swift */,
			);
			path = ViewModels;
			sourceTree = "<group>";
		};
		W40004 /* Services */ = {
			isa = PBXGroup;
			children = (
				W20003 /* WatchSessionManager.swift */,
				W20009 /* WorkoutManager.swift */,
			);
			path = Services;
			sourceTree = "<group>";
		};
		W40005 /* Views */ = {
			isa = PBXGroup;
			children = (
				W20004 /* WatchScoringView.swift */,
				W20005 /* WatchScoreDisplay.swift */,
				W20006 /* WatchWaitingView.swift */,
			);
			path = Views;
			sourceTree = "<group>";
		};
		W40099 /* Frameworks */ = {
			isa = PBXGroup;
			children = (
				A2000E /* WatchConnectivity.framework */,
				W2000F /* HealthKit.framework */,
				A2001E /* StoreKit.framework */,
				A2001F /* AuthenticationServices.framework */,
				H20005 /* AVFoundation.framework */,
			);
			name = Frameworks;
			sourceTree = "<group>";
		};
/* End PBXGroup section */

/* Begin PBXNativeTarget section */
		A60001 /* BadmintonEye */ = {
			isa = PBXNativeTarget;
			buildConfigurationList = A70001 /* Build configuration list for PBXNativeTarget "BadmintonEye" */;
			buildPhases = (
				A80001 /* Sources */,
				A30001 /* Frameworks */,
				A90001 /* Resources */,
				L31001 /* Embed App Extensions */,
			);
			buildRules = (
			);
			dependencies = (
			);
			name = BadmintonEye;
			packageProductDependencies = (
				A5000B /* ScoringEngine */,
			);
			productName = BadmintonEye;
			productReference = A2000C /* BadmintonEye.app */;
			productType = "com.apple.product-type.application";
		};
		W60001 /* BadmintonEyeWatch */ = {
			isa = PBXNativeTarget;
			buildConfigurationList = W70001 /* Build configuration list for PBXNativeTarget "BadmintonEyeWatch" */;
			buildPhases = (
				W80001 /* Sources */,
				W30001 /* Frameworks */,
				W90001 /* Resources */,
			);
			buildRules = (
			);
			dependencies = (
			);
			name = BadmintonEyeWatch;
			packageProductDependencies = (
				W50001 /* ScoringEngine */,
			);
			productName = BadmintonEyeWatch;
			productReference = W20008 /* BadmintonEyeWatch.app */;
			productType = "com.apple.product-type.application";
		};
		L60001 /* BadmintonEyeLiveActivity */ = {
			isa = PBXNativeTarget;
			buildConfigurationList = L70001 /* Build configuration list for PBXNativeTarget "BadmintonEyeLiveActivity" */;
			buildPhases = (
				L80001 /* Sources */,
				L30002 /* Frameworks */,
				L90001 /* Resources */,
			);
			buildRules = (
			);
			dependencies = (
			);
			name = BadmintonEyeLiveActivity;
			productName = BadmintonEyeLiveActivity;
			productReference = L20004 /* BadmintonEyeLiveActivity.appex */;
			productType = "com.apple.product-type.app-extension";
		};
		UT60001 /* BadmintonEyeTests */ = {
			isa = PBXNativeTarget;
			buildConfigurationList = UT70001 /* Build configuration list for PBXNativeTarget "BadmintonEyeTests" */;
			buildPhases = (
				UT80001 /* Sources */,
				UT30001 /* Frameworks */,
			);
			buildRules = (
			);
			dependencies = (
				UTD0001 /* PBXTargetDependency */,
			);
			name = BadmintonEyeTests;
			productName = BadmintonEyeTests;
			productReference = UT20002 /* BadmintonEyeTests.xctest */;
			productType = "com.apple.product-type.bundle.unit-test";
		};
/* End PBXNativeTarget section */

/* Begin PBXProject section */
		AB0001 /* Project object */ = {
			isa = PBXProject;
			attributes = {
				BuildIndependentTargetsInParallel = 1;
				LastSwiftUpdateCheck = 1600;
				LastUpgradeCheck = 1600;
				TargetAttributes = {
					A60001 = {
						CreatedOnToolsVersion = 16.0;
					};
					L60001 = {
						CreatedOnToolsVersion = 16.0;
					};
					W60001 = {
						CreatedOnToolsVersion = 16.0;
					};
					UT60001 = {
						CreatedOnToolsVersion = 16.0;
						TestTargetID = A60001;
					};
				};
			};
			buildConfigurationList = AC0001 /* Build configuration list for PBXProject "BadmintonEye" */;
			compatibilityVersion = "Xcode 15.0";
			developmentRegion = en;
			hasScannedForEncodings = 0;
			knownRegions = (
				en,
				Base,
				"zh-Hans",
				ja,
				da,
				ms,
				ko,
				id,
				th,
				hi,
			);
			mainGroup = A40000;
			packageReferences = (
				AD0001 /* XCLocalSwiftPackageReference "../ScoringEngine" */,
			);
			productRefGroup = A40099 /* Products */;
			projectDirPath = "";
			projectRoot = "";
			targets = (
				A60001 /* BadmintonEye */,
				L60001 /* BadmintonEyeLiveActivity */,
				W60001 /* BadmintonEyeWatch */,
				UT60001 /* BadmintonEyeTests */,
			);
		};
/* End PBXProject section */

/* Begin PBXResourcesBuildPhase section */
		A90001 /* Resources */ = {
			isa = PBXResourcesBuildPhase;
			buildActionMask = 2147483647;
			files = (
				A1000A /* Assets.xcassets in Resources */,
				A1001D /* Configuration.storekit in Resources */,
				PR1001 /* PrivacyInfo.xcprivacy in Resources */,
				IL1001 /* Localizable.strings in Resources */,
				TN1001 /* TrackNetV3.mlpackage in Resources */,
			);
			runOnlyForDeploymentPostprocessing = 0;
		};
		W90001 /* Resources */ = {
			isa = PBXResourcesBuildPhase;
			buildActionMask = 2147483647;
			files = (
				W10007 /* Assets.xcassets in Resources */,
			);
			runOnlyForDeploymentPostprocessing = 0;
		};
		L90001 /* Resources */ = {
			isa = PBXResourcesBuildPhase;
			buildActionMask = 2147483647;
			files = (
			);
			runOnlyForDeploymentPostprocessing = 0;
		};
/* End PBXResourcesBuildPhase section */

/* Begin PBXSourcesBuildPhase section */
		A80001 /* Sources */ = {
			isa = PBXSourcesBuildPhase;
			buildActionMask = 2147483647;
			files = (
				A10001 /* BadmintonEyeApp.swift in Sources */,
				A10002 /* SwiftDataModels.swift in Sources */,
				A10003 /* CodableMatchState.swift in Sources */,
				A1000C /* SyncPayload.swift in Sources */,
				A10004 /* LiveMatchViewModel.swift in Sources */,
				A10005 /* MatchSetupView.swift in Sources */,
				A10006 /* LiveMatchView.swift in Sources */,
				A10007 /* ScorePanel.swift in Sources */,
				DS0001 /* DesignSystem.swift in Sources */,
				A10008 /* GameEndOverlay.swift in Sources */,
				A10009 /* MatchEndView.swift in Sources */,
				WP1001 /* WCSessionProtocol.swift in Sources (iOS) */,
				A1000E /* WatchSyncManager.swift in Sources */,
				A10010 /* Player.swift in Sources */,
				A10011 /* MatchHistoryView.swift in Sources */,
				A10012 /* MatchDetailView.swift in Sources */,
				A10013 /* PlayerListView.swift in Sources */,
				A10014 /* PlayerProfileView.swift in Sources */,
				A10015 /* HeadToHeadView.swift in Sources */,
				A10016 /* PlayerPickerView.swift in Sources */,
				A10017 /* AuthManager.swift in Sources */,
				A10018 /* MatchExportView.swift in Sources */,
				A10019 /* ScorecardRenderer.swift in Sources */,
				A1001B /* SettingsView.swift in Sources */,
				A1001C /* SubscriptionManager.swift in Sources */,
				P10001 /* PaywallView.swift in Sources */,
				L10004 /* MatchActivityAttributes.swift in Sources */,
				H10001 /* CalibrationProfile.swift in Sources */,
				H10002 /* VideoCaptureManager.swift in Sources */,
				H10003 /* CourtCalibrationView.swift in Sources */,
				H10004 /* ChallengeVideoView.swift in Sources */,
				H10006 /* HawkEyePipeline.swift in Sources */,
				H10007 /* TrajectoryCalculator.swift in Sources */,
				H10008 /* TrajectoryReplayView.swift in Sources */,
				S10001 /* MatchStatsViewModel.swift in Sources */,
				S10002 /* StatsView.swift in Sources */,
				T70001 /* ShuttleDetecting.swift in Sources */,
				T70002 /* PlaceholderShuttleDetector.swift in Sources */,
				V61001 /* WinRateTrendChart.swift in Sources */,
				V61002 /* ScoringPatternsChart.swift in Sources */,
				V81001 /* CircularFrameBuffer.swift in Sources */,
				V91001 /* CoreMLShuttleDetector.swift in Sources */,
				HP1001 /* HapticFeedbackService.swift in Sources */,
				MC1001 /* ResultFusionService.swift in Sources */,
				MC1002 /* MultiAngleAnalysisView.swift in Sources */,
				CF1001 /* ScoringFormatBuilderView.swift in Sources */,
				AS1001 /* AudioTemporalSync.swift in Sources */,
				DC1001 /* MultiCamCaptureManager.swift in Sources */,
				GR1001 /* GameRecordingService.swift in Sources */,
				RS1001 /* RallySuggestionFlow.swift in Sources */,
				TD1001 /* TrackNetShuttleDetector.swift in Sources */,
				TR1001 /* TrajectoryRallySuggestor.swift in Sources */,
				LC1001 /* LiveCameraPreview.swift in Sources */,
				LM1001 /* LocalizationManager.swift in Sources */,
			);
			runOnlyForDeploymentPostprocessing = 0;
		};
		L80001 /* Sources */ = {
			isa = PBXSourcesBuildPhase;
			buildActionMask = 2147483647;
			files = (
				L10001 /* MatchActivityAttributes.swift in Sources */,
				L10002 /* BadmintonEyeLiveActivityLiveActivity.swift in Sources */,
				L10003 /* BadmintonEyeLiveActivityBundle.swift in Sources */,
			);
			runOnlyForDeploymentPostprocessing = 0;
		};
		W80001 /* Sources */ = {
			isa = PBXSourcesBuildPhase;
			buildActionMask = 2147483647;
			files = (
				W10001 /* BadmintonEyeWatchApp.swift in Sources */,
				W10002 /* WatchMatchViewModel.swift in Sources */,
				W10003 /* WatchSessionManager.swift in Sources */,
				W10004 /* WatchScoringView.swift in Sources */,
				W10005 /* WatchScoreDisplay.swift in Sources */,
				W10006 /* WatchWaitingView.swift in Sources */,
				WP1002 /* WCSessionProtocol.swift in Sources (watchOS) */,
				W10009 /* CodableMatchState.swift in Sources */,
				W1000A /* SyncPayload.swift in Sources */,
				W1000D /* WorkoutManager.swift in Sources */,
			);
			runOnlyForDeploymentPostprocessing = 0;
		};
		UT80001 /* Sources */ = {
			isa = PBXSourcesBuildPhase;
			buildActionMask = 2147483647;
			files = (
				UT10001 /* BadmintonEyeTests.swift in Sources */,
				UT10002 /* LiveMatchPerformanceTests.swift in Sources */,
				UT10005 /* WatchSyncManagerTests.swift in Sources */,
				UT10006 /* WatchMatchViewModelTests.swift in Sources */,
				UT10007 /* WatchMatchViewModel.swift in Sources (Tests) */,
			);
			runOnlyForDeploymentPostprocessing = 0;
		};
/* End PBXSourcesBuildPhase section */

/* Begin PBXTargetDependency section */
		L30003 /* PBXTargetDependency */ = {
			isa = PBXTargetDependency;
			target = L60001 /* BadmintonEyeLiveActivity */;
			targetProxy = L30001 /* PBXContainerItemProxy */;
		};
		UTD0001 /* PBXTargetDependency */ = {
			isa = PBXTargetDependency;
			target = A60001 /* BadmintonEye */;
			targetProxy = UTC0001 /* PBXContainerItemProxy */;
		};
/* End PBXTargetDependency section */

/* Begin PBXVariantGroup section */
		IL4001 /* Localizable.strings */ = {
			isa = PBXVariantGroup;
			children = (
				IL2001 /* en */,
				IL2002 /* zh-Hans */,
				IL2003 /* ja */,
				IL2004 /* da */,
				IL2005 /* ms */,
				IL2006 /* ko */,
				IL2007 /* id */,
				IL2008 /* th */,
				IL2009 /* hi */,
			);
			name = Localizable.strings;
			sourceTree = "<group>";
		};
/* End PBXVariantGroup section */

/* Begin XCBuildConfiguration section */
		AE0001 /* Debug */ = {
			isa = XCBuildConfiguration;
			buildSettings = {
				ALWAYS_SEARCH_USER_PATHS = NO;
				ASSETCATALOG_COMPILER_GENERATE_SWIFT_ASSET_SYMBOL_EXTENSIONS = YES;
				CLANG_ANALYZER_NONNULL = YES;
				CLANG_CXX_LANGUAGE_STANDARD = "gnu++20";
				CLANG_ENABLE_MODULES = YES;
				CLANG_ENABLE_OBJC_ARC = YES;
				COPY_PHASE_STRIP = NO;
				DEBUG_INFORMATION_FORMAT = dwarf;
				ENABLE_STRICT_OBJC_MSGSEND = YES;
				ENABLE_TESTABILITY = YES;
				GCC_C_LANGUAGE_STANDARD = gnu17;
				GCC_DYNAMIC_NO_PIC = NO;
				GCC_OPTIMIZATION_LEVEL = 0;
				GCC_WARN_ABOUT_RETURN_TYPE = YES_ERROR;
				GCC_WARN_UNINITIALIZED_AUTOS = YES_AGGRESSIVE;
				MTL_ENABLE_DEBUG_INFO = INCLUDE_SOURCE;
				ONLY_ACTIVE_ARCH = YES;
				SWIFT_ACTIVE_COMPILATION_CONDITIONS = "DEBUG $(inherited)";
				SWIFT_OPTIMIZATION_LEVEL = "-Onone";
			};
			name = Debug;
		};
		AE0002 /* Release */ = {
			isa = XCBuildConfiguration;
			buildSettings = {
				ALWAYS_SEARCH_USER_PATHS = NO;
				ASSETCATALOG_COMPILER_GENERATE_SWIFT_ASSET_SYMBOL_EXTENSIONS = YES;
				CLANG_ANALYZER_NONNULL = YES;
				CLANG_CXX_LANGUAGE_STANDARD = "gnu++20";
				CLANG_ENABLE_MODULES = YES;
				CLANG_ENABLE_OBJC_ARC = YES;
				COPY_PHASE_STRIP = NO;
				DEBUG_INFORMATION_FORMAT = "dwarf-with-dsym";
				ENABLE_NS_ASSERTIONS = NO;
				ENABLE_STRICT_OBJC_MSGSEND = YES;
				GCC_C_LANGUAGE_STANDARD = gnu17;
				GCC_WARN_ABOUT_RETURN_TYPE = YES_ERROR;
				GCC_WARN_UNINITIALIZED_AUTOS = YES_AGGRESSIVE;
				MTL_ENABLE_DEBUG_INFO = NO;
				SWIFT_COMPILATION_MODE = wholemodule;
			};
			name = Release;
		};
		AE0003 /* Debug */ = {
			isa = XCBuildConfiguration;
			buildSettings = {
				ASSETCATALOG_COMPILER_APPICON_NAME = AppIcon;
				CODE_SIGN_ENTITLEMENTS = BadmintonEye/BadmintonEye.entitlements;
				CODE_SIGN_STYLE = Automatic;
				DEVELOPMENT_TEAM = 4ATCU5B9J2;
				CURRENT_PROJECT_VERSION = 2;
				DEVELOPMENT_ASSET_PATHS = "";
				ENABLE_PREVIEWS = YES;
				GENERATE_INFOPLIST_FILE = YES;
				INFOPLIST_KEY_ITSAppUsesNonExemptEncryption = NO;
				INFOPLIST_KEY_NSCameraUsageDescription = "Badminton Eye needs camera access for court calibration and challenge video recording.";
				INFOPLIST_KEY_NSMicrophoneUsageDescription = "Badminton Eye needs microphone access for challenge video recording.";
				INFOPLIST_KEY_NSPhotoLibraryUsageDescription = "Badminton Eye needs photo library access to select challenge videos.";
				INFOPLIST_KEY_NSPhotoLibraryAddUsageDescription = "Badminton Eye saves recorded match videos to your photo library.";
				INFOPLIST_KEY_NSSupportsLiveActivities = YES;
				INFOPLIST_KEY_UIApplicationSceneManifest_Generation = YES;
				INFOPLIST_KEY_UIApplicationSupportsIndirectInputEvents = YES;
				INFOPLIST_KEY_UILaunchScreen_Generation = YES;
				INFOPLIST_KEY_UISupportedInterfaceOrientations_iPad = "UIInterfaceOrientationPortrait UIInterfaceOrientationPortraitUpsideDown UIInterfaceOrientationLandscapeLeft UIInterfaceOrientationLandscapeRight";
				INFOPLIST_KEY_UISupportedInterfaceOrientations_iPhone = "UIInterfaceOrientationPortrait UIInterfaceOrientationLandscapeLeft UIInterfaceOrientationLandscapeRight";
				IPHONEOS_DEPLOYMENT_TARGET = 17.0;
				LD_RUNPATH_SEARCH_PATHS = (
					"$(inherited)",
					"@executable_path/Frameworks",
				);
				MARKETING_VERSION = 2.0;
				PRODUCT_BUNDLE_IDENTIFIER = com.badmintoneye.app;
				PRODUCT_NAME = "$(TARGET_NAME)";
				SDKROOT = iphoneos;
				SUPPORTED_PLATFORMS = "iphoneos iphonesimulator";
				SUPPORTS_MACCATALYST = NO;
				SWIFT_EMIT_LOC_STRINGS = YES;
				SWIFT_VERSION = 6.0;
				TARGETED_DEVICE_FAMILY = "1,2";
			};
			name = Debug;
		};
		AE0004 /* Release */ = {
			isa = XCBuildConfiguration;
			buildSettings = {
				ASSETCATALOG_COMPILER_APPICON_NAME = AppIcon;
				CODE_SIGN_ENTITLEMENTS = BadmintonEye/BadmintonEye.entitlements;
				CODE_SIGN_STYLE = Automatic;
				DEVELOPMENT_TEAM = 4ATCU5B9J2;
				CURRENT_PROJECT_VERSION = 2;
				DEVELOPMENT_ASSET_PATHS = "";
				ENABLE_PREVIEWS = YES;
				GENERATE_INFOPLIST_FILE = YES;
				INFOPLIST_KEY_ITSAppUsesNonExemptEncryption = NO;
				INFOPLIST_KEY_NSCameraUsageDescription = "Badminton Eye needs camera access for court calibration and challenge video recording.";
				INFOPLIST_KEY_NSMicrophoneUsageDescription = "Badminton Eye needs microphone access for challenge video recording.";
				INFOPLIST_KEY_NSPhotoLibraryUsageDescription = "Badminton Eye needs photo library access to select challenge videos.";
				INFOPLIST_KEY_NSPhotoLibraryAddUsageDescription = "Badminton Eye saves recorded match videos to your photo library.";
				INFOPLIST_KEY_NSSupportsLiveActivities = YES;
				INFOPLIST_KEY_UIApplicationSceneManifest_Generation = YES;
				INFOPLIST_KEY_UIApplicationSupportsIndirectInputEvents = YES;
				INFOPLIST_KEY_UILaunchScreen_Generation = YES;
				INFOPLIST_KEY_UISupportedInterfaceOrientations_iPad = "UIInterfaceOrientationPortrait UIInterfaceOrientationPortraitUpsideDown UIInterfaceOrientationLandscapeLeft UIInterfaceOrientationLandscapeRight";
				INFOPLIST_KEY_UISupportedInterfaceOrientations_iPhone = "UIInterfaceOrientationPortrait UIInterfaceOrientationLandscapeLeft UIInterfaceOrientationLandscapeRight";
				IPHONEOS_DEPLOYMENT_TARGET = 17.0;
				LD_RUNPATH_SEARCH_PATHS = (
					"$(inherited)",
					"@executable_path/Frameworks",
				);
				MARKETING_VERSION = 2.0;
				PRODUCT_BUNDLE_IDENTIFIER = com.badmintoneye.app;
				PRODUCT_NAME = "$(TARGET_NAME)";
				SDKROOT = iphoneos;
				SUPPORTED_PLATFORMS = "iphoneos iphonesimulator";
				SUPPORTS_MACCATALYST = NO;
				SWIFT_EMIT_LOC_STRINGS = YES;
				SWIFT_VERSION = 6.0;
				TARGETED_DEVICE_FAMILY = "1,2";
			};
			name = Release;
		};
		WE0001 /* Debug */ = {
			isa = XCBuildConfiguration;
			buildSettings = {
				ASSETCATALOG_COMPILER_APPICON_NAME = AppIcon;
				CODE_SIGN_STYLE = Automatic;
				DEVELOPMENT_TEAM = 4ATCU5B9J2;
				CURRENT_PROJECT_VERSION = 2;
				DEVELOPMENT_ASSET_PATHS = "";
				ENABLE_PREVIEWS = YES;
				GENERATE_INFOPLIST_FILE = YES;
				INFOPLIST_KEY_WKCompanionAppBundleIdentifier = com.badmintoneye.app;
				LD_RUNPATH_SEARCH_PATHS = (
					"$(inherited)",
					"@executable_path/Frameworks",
				);
				MARKETING_VERSION = 2.0;
				PRODUCT_BUNDLE_IDENTIFIER = com.badmintoneye.app.watchkitapp;
				PRODUCT_NAME = "$(TARGET_NAME)";
				SDKROOT = watchos;
				SKIP_INSTALL = YES;
				SUPPORTED_PLATFORMS = "watchos watchsimulator";
				SWIFT_EMIT_LOC_STRINGS = YES;
				SWIFT_VERSION = 6.0;
				TARGETED_DEVICE_FAMILY = 4;
				WATCHOS_DEPLOYMENT_TARGET = 10.0;
			};
			name = Debug;
		};
		WE0002 /* Release */ = {
			isa = XCBuildConfiguration;
			buildSettings = {
				ASSETCATALOG_COMPILER_APPICON_NAME = AppIcon;
				CODE_SIGN_STYLE = Automatic;
				DEVELOPMENT_TEAM = 4ATCU5B9J2;
				CURRENT_PROJECT_VERSION = 2;
				DEVELOPMENT_ASSET_PATHS = "";
				ENABLE_PREVIEWS = YES;
				GENERATE_INFOPLIST_FILE = YES;
				INFOPLIST_KEY_WKCompanionAppBundleIdentifier = com.badmintoneye.app;
				LD_RUNPATH_SEARCH_PATHS = (
					"$(inherited)",
					"@executable_path/Frameworks",
				);
				MARKETING_VERSION = 2.0;
				PRODUCT_BUNDLE_IDENTIFIER = com.badmintoneye.app.watchkitapp;
				PRODUCT_NAME = "$(TARGET_NAME)";
				SDKROOT = watchos;
				SKIP_INSTALL = YES;
				SUPPORTED_PLATFORMS = "watchos watchsimulator";
				SWIFT_EMIT_LOC_STRINGS = YES;
				SWIFT_VERSION = 6.0;
				TARGETED_DEVICE_FAMILY = 4;
				WATCHOS_DEPLOYMENT_TARGET = 10.0;
			};
			name = Release;
		};
		LE0001 /* Debug */ = {
			isa = XCBuildConfiguration;
			buildSettings = {
				CODE_SIGN_STYLE = Automatic;
				DEVELOPMENT_TEAM = 4ATCU5B9J2;
				CURRENT_PROJECT_VERSION = 2;
				GENERATE_INFOPLIST_FILE = YES;
				INFOPLIST_KEY_CFBundleDisplayName = BadmintonEyeLiveActivity;
				INFOPLIST_KEY_NSExtensionPointIdentifier = "com.apple.widgetkit-extension";
				IPHONEOS_DEPLOYMENT_TARGET = 17.0;
				LD_RUNPATH_SEARCH_PATHS = (
					"$(inherited)",
					"@executable_path/Frameworks",
					"@executable_path/../../Frameworks",
				);
				MARKETING_VERSION = 2.0;
				PRODUCT_BUNDLE_IDENTIFIER = com.badmintoneye.app.liveactivity;
				PRODUCT_NAME = "$(TARGET_NAME)";
				SDKROOT = iphoneos;
				SKIP_INSTALL = YES;
				SUPPORTED_PLATFORMS = "iphoneos iphonesimulator";
				SWIFT_EMIT_LOC_STRINGS = YES;
				SWIFT_VERSION = 6.0;
				TARGETED_DEVICE_FAMILY = "1,2";
			};
			name = Debug;
		};
		LE0002 /* Release */ = {
			isa = XCBuildConfiguration;
			buildSettings = {
				CODE_SIGN_STYLE = Automatic;
				DEVELOPMENT_TEAM = 4ATCU5B9J2;
				CURRENT_PROJECT_VERSION = 2;
				GENERATE_INFOPLIST_FILE = YES;
				INFOPLIST_KEY_CFBundleDisplayName = BadmintonEyeLiveActivity;
				INFOPLIST_KEY_NSExtensionPointIdentifier = "com.apple.widgetkit-extension";
				IPHONEOS_DEPLOYMENT_TARGET = 17.0;
				LD_RUNPATH_SEARCH_PATHS = (
					"$(inherited)",
					"@executable_path/Frameworks",
					"@executable_path/../../Frameworks",
				);
				MARKETING_VERSION = 2.0;
				PRODUCT_BUNDLE_IDENTIFIER = com.badmintoneye.app.liveactivity;
				PRODUCT_NAME = "$(TARGET_NAME)";
				SDKROOT = iphoneos;
				SKIP_INSTALL = YES;
				SUPPORTED_PLATFORMS = "iphoneos iphonesimulator";
				SWIFT_EMIT_LOC_STRINGS = YES;
				SWIFT_VERSION = 6.0;
				TARGETED_DEVICE_FAMILY = "1,2";
			};
			name = Release;
		};
		UTE0001 /* Debug */ = {
			isa = XCBuildConfiguration;
			buildSettings = {
				BUNDLE_LOADER = "$(TEST_HOST)";
				CODE_SIGN_STYLE = Automatic;
				DEVELOPMENT_TEAM = 4ATCU5B9J2;
				CURRENT_PROJECT_VERSION = 2;
				GENERATE_INFOPLIST_FILE = YES;
				IPHONEOS_DEPLOYMENT_TARGET = 17.0;
				MARKETING_VERSION = 2.0;
				PRODUCT_BUNDLE_IDENTIFIER = com.badmintoneye.app.tests;
				PRODUCT_NAME = "$(TARGET_NAME)";
				SDKROOT = iphoneos;
				SUPPORTED_PLATFORMS = "iphoneos iphonesimulator";
				SWIFT_VERSION = 6.0;
				TARGETED_DEVICE_FAMILY = "1,2";
				TEST_HOST = "$(BUILT_PRODUCTS_DIR)/BadmintonEye.app/$(BUNDLE_EXECUTABLE_FOLDER_PATH)/BadmintonEye";
			};
			name = Debug;
		};
		UTE0002 /* Release */ = {
			isa = XCBuildConfiguration;
			buildSettings = {
				BUNDLE_LOADER = "$(TEST_HOST)";
				CODE_SIGN_STYLE = Automatic;
				DEVELOPMENT_TEAM = 4ATCU5B9J2;
				CURRENT_PROJECT_VERSION = 2;
				GENERATE_INFOPLIST_FILE = YES;
				IPHONEOS_DEPLOYMENT_TARGET = 17.0;
				MARKETING_VERSION = 2.0;
				PRODUCT_BUNDLE_IDENTIFIER = com.badmintoneye.app.tests;
				PRODUCT_NAME = "$(TARGET_NAME)";
				SDKROOT = iphoneos;
				SUPPORTED_PLATFORMS = "iphoneos iphonesimulator";
				SWIFT_VERSION = 6.0;
				TARGETED_DEVICE_FAMILY = "1,2";
				TEST_HOST = "$(BUILT_PRODUCTS_DIR)/BadmintonEye.app/$(BUNDLE_EXECUTABLE_FOLDER_PATH)/BadmintonEye";
			};
			name = Release;
		};
/* End XCBuildConfiguration section */

/* Begin XCConfigurationList section */
		AC0001 /* Build configuration list for PBXProject "BadmintonEye" */ = {
			isa = XCConfigurationList;
			buildConfigurations = (
				AE0001 /* Debug */,
				AE0002 /* Release */,
			);
			defaultConfigurationIsVisible = 0;
			defaultConfigurationName = Release;
		};
		A70001 /* Build configuration list for PBXNativeTarget "BadmintonEye" */ = {
			isa = XCConfigurationList;
			buildConfigurations = (
				AE0003 /* Debug */,
				AE0004 /* Release */,
			);
			defaultConfigurationIsVisible = 0;
			defaultConfigurationName = Release;
		};
		W70001 /* Build configuration list for PBXNativeTarget "BadmintonEyeWatch" */ = {
			isa = XCConfigurationList;
			buildConfigurations = (
				WE0001 /* Debug */,
				WE0002 /* Release */,
			);
			defaultConfigurationIsVisible = 0;
			defaultConfigurationName = Release;
		};
		L70001 /* Build configuration list for PBXNativeTarget "BadmintonEyeLiveActivity" */ = {
			isa = XCConfigurationList;
			buildConfigurations = (
				LE0001 /* Debug */,
				LE0002 /* Release */,
			);
			defaultConfigurationIsVisible = 0;
			defaultConfigurationName = Release;
		};
		UT70001 /* Build configuration list for PBXNativeTarget "BadmintonEyeTests" */ = {
			isa = XCConfigurationList;
			buildConfigurations = (
				UTE0001 /* Debug */,
				UTE0002 /* Release */,
			);
			defaultConfigurationIsVisible = 0;
			defaultConfigurationName = Release;
		};
/* End XCConfigurationList section */

/* Begin XCLocalSwiftPackageReference section */
		AD0001 /* XCLocalSwiftPackageReference "../ScoringEngine" */ = {
			isa = XCLocalSwiftPackageReference;
			relativePath = ../ScoringEngine;
		};
/* End XCLocalSwiftPackageReference section */

/* Begin XCSwiftPackageProductDependency section */
		A5000B /* ScoringEngine */ = {
			isa = XCSwiftPackageProductDependency;
			productName = ScoringEngine;
		};
		W50001 /* ScoringEngine */ = {
			isa = XCSwiftPackageProductDependency;
			productName = ScoringEngine;
		};
/* End XCSwiftPackageProductDependency section */

	};
	rootObject = AB0001 /* Project object */;
}
